{
  "name": "ukd",
  "lockfileVersion": 2,
  "requires": true,
  "packages": {
    "": {
      "dependencies": {
        "csv-parse": "^5.3.8",
        "csv-stringify": "^6.3.2",
        "fs": "^0.0.1-security"
      }
    },
    "node_modules/csv-parse": {
      "version": "5.3.8",
      "resolved": "https://registry.npmjs.org/csv-parse/-/csv-parse-5.3.8.tgz",
      "integrity": "sha512-ird8lzMv9I64oqIVIHdaTbT7Yr55n2C/Nv6m1LxO7nddLEeI67468VQ9Ik+r6lwYbK9kTE1oSqAVcVKc/Uqx6g=="
    },
    "node_modules/csv-stringify": {
      "version": "6.3.2",
      "resolved": "https://registry.npmjs.org/csv-stringify/-/csv-stringify-6.3.2.tgz",
      "integrity": "sha512-dD9gfbxNKa5v90NHiE2Qd6F9I52GtJjGTfowwzqiNDZD/+NPW3h19d2Nvv311a8QUW11rYRobco27nvVAnCrLw=="
    },
    "node_modules/fs": {
      "version": "0.0.1-security",
      "resolved": "https://registry.npmjs.org/fs/-/fs-0.0.1-security.tgz",
      "integrity": "sha512-3XY9e1pP0CVEUCdj5BmfIZxRBTSDycnbqhIOGec9QYtmVH2fbLpj86CFWkrNOkt/Fvty4KZG5lTglL9j/gJ87w=="
    }
  },
  "dependencies": {
    "csv-parse": {
      "version": "5.3.8",
      "resolved": "https://registry.npmjs.org/csv-parse/-/csv-parse-5.3.8.tgz",
      "integrity": "sha512-ird8lzMv9I64oqIVIHdaTbT7Yr55n2C/Nv6m1LxO7nddLEeI67468VQ9Ik+r6lwYbK9kTE1oSqAVcVKc/Uqx6g=="
    },
    "csv-stringify": {
      "version": "6.3.2",
      "resolved": "https://registry.npmjs.org/csv-stringify/-/csv-stringify-6.3.2.tgz",
      "integrity": "sha512-dD9gfbxNKa5v90NHiE2Qd6F9I52GtJjGTfowwzqiNDZD/+NPW3h19d2Nvv311a8QUW11rYRobco27nvVAnCrLw=="
    },
    "fs": {
      "version": "0.0.1-security",
      "resolved": "https://registry.npmjs.org/fs/-/fs-0.0.1-security.tgz",
      "integrity": "sha512-3XY9e1pP0CVEUCdj5BmfIZxRBTSDycnbqhIOGec9QYtmVH2fbLpj86CFWkrNOkt/Fvty4KZG5lTglL9j/gJ87w=="
    }
  }
}
